
Microsoft Visual Studio Solution File, Format Version 12.00
# Visual Studio Version 17
VisualStudioVersion = 17.9.34701.34
MinimumVisualStudioVersion = 10.0.40219.1
Project("{FAE04EC0-301F-11D3-BF4B-00C04F79EFBC}") = "DemoAPIMicrosip", "DemoAPIMicrosip\DemoAPIMicrosip.csproj", "{4D369CFF-EFB0-48C5-BBE1-02E270A55B82}"
EndProject
Project("{FAE04EC0-301F-11D3-BF4B-00C04F79EFBC}") = "APIMicrosipNET_Framework", "APIMicrosipNET_Framework\APIMicrosipNET_Framework.csproj", "{BB53BE6D-E4AD-4BD6-B072-82999C72FD7B}"
EndProject
Project("{FAE04EC0-301F-11D3-BF4B-00C04F79EFBC}") = "APIMicrosip_classlibrary", "APIMicrosip_classlibrary\APIMicrosip_classlibrary.csproj", "{23AC527F-47E3-4955-A9E4-32068EC91C0E}"
EndProject
Project("{FAE04EC0-301F-11D3-BF4B-00C04F79EFBC}") = "ClassLibraryNetFramework", "ClassLibraryNetFramework\ClassLibraryNetFramework.csproj", "{8D9D9DCD-0ED8-4287-A84D-640E1CCAF5A2}"
EndProject
Project("{FAE04EC0-301F-11D3-BF4B-00C04F79EFBC}") = "WebAPIMicrosip", "WebAPIMicrosip\WebAPIMicrosip.csproj", "{B4496655-E214-42EA-9144-577A8A6096EC}"
EndProject
Global
	GlobalSection(SolutionConfigurationPlatforms) = preSolution
		Debug|Any CPU = Debug|Any CPU
		Release|Any CPU = Release|Any CPU
	EndGlobalSection
	GlobalSection(ProjectConfigurationPlatforms) = postSolution
		{4D369CFF-EFB0-48C5-BBE1-02E270A55B82}.Debug|Any CPU.ActiveCfg = Debug|Any CPU
		{4D369CFF-EFB0-48C5-BBE1-02E270A55B82}.Debug|Any CPU.Build.0 = Debug|Any CPU
		{4D369CFF-EFB0-48C5-BBE1-02E270A55B82}.Release|Any CPU.ActiveCfg = Release|Any CPU
		{4D369CFF-EFB0-48C5-BBE1-02E270A55B82}.Release|Any CPU.Build.0 = Release|Any CPU
		{BB53BE6D-E4AD-4BD6-B072-82999C72FD7B}.Debug|Any CPU.ActiveCfg = Debug|Any CPU
		{BB53BE6D-E4AD-4BD6-B072-82999C72FD7B}.Debug|Any CPU.Build.0 = Debug|Any CPU
		{BB53BE6D-E4AD-4BD6-B072-82999C72FD7B}.Release|Any CPU.ActiveCfg = Release|Any CPU
		{BB53BE6D-E4AD-4BD6-B072-82999C72FD7B}.Release|Any CPU.Build.0 = Release|Any CPU
		{23AC527F-47E3-4955-A9E4-32068EC91C0E}.Debug|Any CPU.ActiveCfg = Debug|Any CPU
		{23AC527F-47E3-4955-A9E4-32068EC91C0E}.Debug|Any CPU.Build.0 = Debug|Any CPU
		{23AC527F-47E3-4955-A9E4-32068EC91C0E}.Release|Any CPU.ActiveCfg = Release|Any CPU
		{23AC527F-47E3-4955-A9E4-32068EC91C0E}.Release|Any CPU.Build.0 = Release|Any CPU
		{8D9D9DCD-0ED8-4287-A84D-640E1CCAF5A2}.Debug|Any CPU.ActiveCfg = Debug|Any CPU
		{8D9D9DCD-0ED8-4287-A84D-640E1CCAF5A2}.Debug|Any CPU.Build.0 = Debug|Any CPU
		{8D9D9DCD-0ED8-4287-A84D-640E1CCAF5A2}.Release|Any CPU.ActiveCfg = Release|Any CPU
		{8D9D9DCD-0ED8-4287-A84D-640E1CCAF5A2}.Release|Any CPU.Build.0 = Release|Any CPU
		{B4496655-E214-42EA-9144-577A8A6096EC}.Debug|Any CPU.ActiveCfg = Debug|Any CPU
		{B4496655-E214-42EA-9144-577A8A6096EC}.Debug|Any CPU.Build.0 = Debug|Any CPU
		{B4496655-E214-42EA-9144-577A8A6096EC}.Release|Any CPU.ActiveCfg = Release|Any CPU
		{B4496655-E214-42EA-9144-577A8A6096EC}.Release|Any CPU.Build.0 = Release|Any CPU
	EndGlobalSection
	GlobalSection(SolutionProperties) = preSolution
		HideSolutionNode = FALSE
	EndGlobalSection
	GlobalSection(ExtensibilityGlobals) = postSolution
		SolutionGuid = {B71889ED-5A12-40AB-8293-DA96D0F5082E}
	EndGlobalSection
EndGlobal
